
Microsoft Visual Studio Solution File, Format Version 12.00
# Visual Studio Version 16
VisualStudioVersion = 16.0.31005.135
MinimumVisualStudioVersion = 10.0.40219.1
Project("{FAE04EC0-301F-11D3-BF4B-00C04F79EFBC}") = "WebApi", "WebApi\WebApi.csproj", "{12F152A9-12E9-44C9-BB27-4DA8FB31826E}"
EndProject
Project("{FAE04EC0-301F-11D3-BF4B-00C04F79EFBC}") = "Domain", "Domain\Domain.csproj", "{DB075469-B330-480D-9923-226297E2C915}"
EndProject
Project("{FAE04EC0-301F-11D3-BF4B-00C04F79EFBC}") = "DataLayer", "DataLayer\DataLayer.csproj", "{0727BE7E-524B-4F23-88B4-905D0B355BE5}"
EndProject
Project("{FAE04EC0-301F-11D3-BF4B-00C04F79EFBC}") = "BusinessLayerTests", "BusinessLayerTests\BusinessLayerTests.csproj", "{8A869284-F404-4BEA-A0B3-A9CDB48B5B7F}"
EndProject
Project("{FAE04EC0-301F-11D3-BF4B-00C04F79EFBC}") = "BusinessLayer", "BusinessLayer\BusinessLayer.csproj", "{3BFCFBB4-5C65-40C2-9962-8D22F233F870}"
EndProject
Global
	GlobalSection(SolutionConfigurationPlatforms) = preSolution
		Debug|Any CPU = Debug|Any CPU
		Release|Any CPU = Release|Any CPU
	EndGlobalSection
	GlobalSection(ProjectConfigurationPlatforms) = postSolution
		{12F152A9-12E9-44C9-BB27-4DA8FB31826E}.Debug|Any CPU.ActiveCfg = Debug|Any CPU
		{12F152A9-12E9-44C9-BB27-4DA8FB31826E}.Debug|Any CPU.Build.0 = Debug|Any CPU
		{12F152A9-12E9-44C9-BB27-4DA8FB31826E}.Release|Any CPU.ActiveCfg = Release|Any CPU
		{12F152A9-12E9-44C9-BB27-4DA8FB31826E}.Release|Any CPU.Build.0 = Release|Any CPU
		{DB075469-B330-480D-9923-226297E2C915}.Debug|Any CPU.ActiveCfg = Debug|Any CPU
		{DB075469-B330-480D-9923-226297E2C915}.Debug|Any CPU.Build.0 = Debug|Any CPU
		{DB075469-B330-480D-9923-226297E2C915}.Release|Any CPU.ActiveCfg = Release|Any CPU
		{DB075469-B330-480D-9923-226297E2C915}.Release|Any CPU.Build.0 = Release|Any CPU
		{0727BE7E-524B-4F23-88B4-905D0B355BE5}.Debug|Any CPU.ActiveCfg = Debug|Any CPU
		{0727BE7E-524B-4F23-88B4-905D0B355BE5}.Debug|Any CPU.Build.0 = Debug|Any CPU
		{0727BE7E-524B-4F23-88B4-905D0B355BE5}.Release|Any CPU.ActiveCfg = Release|Any CPU
		{0727BE7E-524B-4F23-88B4-905D0B355BE5}.Release|Any CPU.Build.0 = Release|Any CPU
		{8A869284-F404-4BEA-A0B3-A9CDB48B5B7F}.Debug|Any CPU.ActiveCfg = Debug|Any CPU
		{8A869284-F404-4BEA-A0B3-A9CDB48B5B7F}.Debug|Any CPU.Build.0 = Debug|Any CPU
		{8A869284-F404-4BEA-A0B3-A9CDB48B5B7F}.Release|Any CPU.ActiveCfg = Release|Any CPU
		{8A869284-F404-4BEA-A0B3-A9CDB48B5B7F}.Release|Any CPU.Build.0 = Release|Any CPU
		{3BFCFBB4-5C65-40C2-9962-8D22F233F870}.Debug|Any CPU.ActiveCfg = Debug|Any CPU
		{3BFCFBB4-5C65-40C2-9962-8D22F233F870}.Debug|Any CPU.Build.0 = Debug|Any CPU
		{3BFCFBB4-5C65-40C2-9962-8D22F233F870}.Release|Any CPU.ActiveCfg = Release|Any CPU
		{3BFCFBB4-5C65-40C2-9962-8D22F233F870}.Release|Any CPU.Build.0 = Release|Any CPU
	EndGlobalSection
	GlobalSection(SolutionProperties) = preSolution
		HideSolutionNode = FALSE
	EndGlobalSection
	GlobalSection(ExtensibilityGlobals) = postSolution
		SolutionGuid = {319B3614-71AE-4EB9-A615-EB35313B08BD}
	EndGlobalSection
EndGlobal
